
Microsoft Visual Studio Solution File, Format Version 12.00
# Visual Studio Version 17
VisualStudioVersion = 17.14.36221.1 d17.14
MinimumVisualStudioVersion = 10.0.40219.1
Project("{FAE04EC0-301F-11D3-BF4B-00C04F79EFBC}") = "TodoApp2OpenCode", "TodoApp2OpenCode\TodoApp2OpenCode.csproj", "{0D7948E0-70A9-4914-82C5-D22AFFC28191}"
EndProject
Global
	GlobalSection(SolutionConfigurationPlatforms) = preSolution
		Debug|Any CPU = Debug|Any CPU
		Release|Any CPU = Release|Any CPU
	EndGlobalSection
	GlobalSection(ProjectConfigurationPlatforms) = postSolution
		{0D7948E0-70A9-4914-82C5-D22AFFC28191}.Debug|Any CPU.ActiveCfg = Debug|Any CPU
		{0D7948E0-70A9-4914-82C5-D22AFFC28191}.Debug|Any CPU.Build.0 = Debug|Any CPU
		{0D7948E0-70A9-4914-82C5-D22AFFC28191}.Release|Any CPU.ActiveCfg = Release|Any CPU
		{0D7948E0-70A9-4914-82C5-D22AFFC28191}.Release|Any CPU.Build.0 = Release|Any CPU
	EndGlobalSection
	GlobalSection(SolutionProperties) = preSolution
		HideSolutionNode = FALSE
	EndGlobalSection
	GlobalSection(ExtensibilityGlobals) = postSolution
		SolutionGuid = {2CE7AD66-E053-4266-AF69-C0775135C175}
	EndGlobalSection
EndGlobal
